
Microsoft Visual Studio Solution File, Format Version 12.00
# Visual Studio Version 16
VisualStudioVersion = 16.0.810.7
MinimumVisualStudioVersion = 10.0.40219.1
Project("{FAE04EC0-301F-11D3-BF4B-00C04F79EFBC}") = "API_Programas", "API_Programas\API_Programas.csproj", "{C22D4830-85A5-4222-9B79-42D52D15FD38}"
EndProject
Global
	GlobalSection(SolutionConfigurationPlatforms) = preSolution
		Debug|Any CPU = Debug|Any CPU
		Release|Any CPU = Release|Any CPU
	EndGlobalSection
	GlobalSection(ProjectConfigurationPlatforms) = postSolution
		{C22D4830-85A5-4222-9B79-42D52D15FD38}.Debug|Any CPU.ActiveCfg = Debug|Any CPU
		{C22D4830-85A5-4222-9B79-42D52D15FD38}.Debug|Any CPU.Build.0 = Debug|Any CPU
		{C22D4830-85A5-4222-9B79-42D52D15FD38}.Release|Any CPU.ActiveCfg = Release|Any CPU
		{C22D4830-85A5-4222-9B79-42D52D15FD38}.Release|Any CPU.Build.0 = Release|Any CPU
	EndGlobalSection
	GlobalSection(SolutionProperties) = preSolution
		HideSolutionNode = FALSE
	EndGlobalSection
	GlobalSection(ExtensibilityGlobals) = postSolution
		SolutionGuid = {CA9EEE73-54CE-4A6F-86B6-623DC590C5E5}
	EndGlobalSection
EndGlobal
